
Microsoft Visual Studio Solution File, Format Version 12.00
# Visual Studio 2013
VisualStudioVersion = 12.0.30723.0
MinimumVisualStudioVersion = 10.0.40219.1
Project("{FAE04EC0-301F-11D3-BF4B-00C04F79EFBC}") = "NCrunchToDotCover.Core", "NCrunchToDotCover.Core\NCrunchToDotCover.Core.csproj", "{0DBAD450-0AF6-4B87-9295-25534F788D43}"
EndProject
Project("{FAE04EC0-301F-11D3-BF4B-00C04F79EFBC}") = "NCrunchToDotCover.Console", "NCrunchToDotCover.Console\NCrunchToDotCover.Console.csproj", "{4180A860-D616-40CF-90BA-9F7B1D1F3D93}"
EndProject
Project("{2150E333-8FDC-42A3-9474-1A3956D46DE8}") = "git", "git", "{D3F245AF-4670-49AD-9A8A-A22D99A53AF3}"
	ProjectSection(SolutionItems) = preProject
		.gitattributes = .gitattributes
		.gitignore = .gitignore
		README.md = README.md
	EndProjectSection
EndProject
Global
	GlobalSection(SolutionConfigurationPlatforms) = preSolution
		Debug|Any CPU = Debug|Any CPU
		Release|Any CPU = Release|Any CPU
	EndGlobalSection
	GlobalSection(ProjectConfigurationPlatforms) = postSolution
		{0DBAD450-0AF6-4B87-9295-25534F788D43}.Debug|Any CPU.ActiveCfg = Debug|Any CPU
		{0DBAD450-0AF6-4B87-9295-25534F788D43}.Debug|Any CPU.Build.0 = Debug|Any CPU
		{0DBAD450-0AF6-4B87-9295-25534F788D43}.Release|Any CPU.ActiveCfg = Release|Any CPU
		{0DBAD450-0AF6-4B87-9295-25534F788D43}.Release|Any CPU.Build.0 = Release|Any CPU
		{4180A860-D616-40CF-90BA-9F7B1D1F3D93}.Debug|Any CPU.ActiveCfg = Debug|Any CPU
		{4180A860-D616-40CF-90BA-9F7B1D1F3D93}.Debug|Any CPU.Build.0 = Debug|Any CPU
		{4180A860-D616-40CF-90BA-9F7B1D1F3D93}.Release|Any CPU.ActiveCfg = Release|Any CPU
		{4180A860-D616-40CF-90BA-9F7B1D1F3D93}.Release|Any CPU.Build.0 = Release|Any CPU
	EndGlobalSection
	GlobalSection(SolutionProperties) = preSolution
		HideSolutionNode = FALSE
	EndGlobalSection
EndGlobal
